// !$*UTF8*$!
{
	archiveVersion = 1;
	classes = {
	};
	objectVersion = 46;
	objects = {

/* Begin PBXBuildFile section */
		256AE7978D0DBE6B6358A4E4 /* libPods-ERSVGARefresh.a in Frameworks */ = {isa = PBXBuildFile; fileRef = B4AE4FE77629299C6682733A /* libPods-ERSVGARefresh.a */; };
		880B38FB1F5FD95D001ED095 /* main.m in Sources */ = {isa = PBXBuildFile; fileRef = 880B38FA1F5FD95D001ED095 /* main.m */; };
		880B38FE1F5FD95D001ED095 /* AppDelegate.m in Sources */ = {isa = PBXBuildFile; fileRef = 880B38FD1F5FD95D001ED095 /* AppDelegate.m */; };
		880B39011F5FD95D001ED095 /* ViewController.m in Sources */ = {isa = PBXBuildFile; fileRef = 880B39001F5FD95D001ED095 /* ViewController.m */; };
		880B39041F5FD95D001ED095 /* Main.storyboard in Resources */ = {isa = PBXBuildFile; fileRef = 880B39021F5FD95D001ED095 /* Main.storyboard */; };
		880B39061F5FD95D001ED095 /* Assets.xcassets in Resources */ = {isa = PBXBuildFile; fileRef = 880B39051F5FD95D001ED095 /* Assets.xcassets */; };
		880B39091F5FD95D001ED095 /* LaunchScreen.storyboard in Resources */ = {isa = PBXBuildFile; fileRef = 880B39071F5FD95D001ED095 /* LaunchScreen.storyboard */; };
		880B39111F5FDB10001ED095 /* .gitignore in Resources */ = {isa = PBXBuildFile; fileRef = 880B39101F5FDB10001ED095 /* .gitignore */; };
/* End PBXBuildFile section */

/* Begin PBXFileReference section */
		284433B438A8BB10077495CE /* Pods-ERSVGARefresh.release.xcconfig */ = {isa = PBXFileReference; includeInIndex = 1; lastKnownFileType = text.xcconfig; name = "Pods-ERSVGARefresh.release.xcconfig"; path = "Pods/Target Support Files/Pods-ERSVGARefresh/Pods-ERSVGARefresh.release.xcconfig"; sourceTree = "<group>"; };
		880B38F61F5FD95D001ED095 /* ERSVGARefresh.app */ = {isa = PBXFileReference; explicitFileType = wrapper.application; includeInIndex = 0; path = ERSVGARefresh.app; sourceTree = BUILT_PRODUCTS_DIR; };
		880B38FA1F5FD95D001ED095 /* main.m */ = {isa = PBXFileReference; lastKnownFileType = sourcecode.c.objc; path = main.m; sourceTree = "<group>"; };
		880B38FC1F5FD95D001ED095 /* AppDelegate.h */ = {isa = PBXFileReference; lastKnownFileType = sourcecode.c.h; path = AppDelegate.h; sourceTree = "<group>"; };
		880B38FD1F5FD95D001ED095 /* AppDelegate.m */ = {isa = PBXFileReference; lastKnownFileType = sourcecode.c.objc; path = AppDelegate.m; sourceTree = "<group>"; };
		880B38FF1F5FD95D001ED095 /* ViewController.h */ = {isa = PBXFileReference; lastKnownFileType = sourcecode.c.h; path = ViewController.h; sourceTree = "<group>"; };
		880B39001F5FD95D001ED095 /* ViewController.m */ = {isa = PBXFileReference; lastKnownFileType = sourcecode.c.objc; path = ViewController.m; sourceTree = "<group>"; };
		880B39031F5FD95D001ED095 /* Base */ = {isa = PBXFileReference; lastKnownFileType = file.storyboard; name = Base; path = Base.lproj/Main.storyboard; sourceTree = "<group>"; };
		880B39051F5FD95D001ED095 /* Assets.xcassets */ = {isa = PBXFileReference; lastKnownFileType = folder.assetcatalog; path = Assets.xcassets; sourceTree = "<group>"; };
		880B39081F5FD95D001ED095 /* Base */ = {isa = PBXFileReference; lastKnownFileType = file.storyboard; name = Base; path = Base.lproj/LaunchScreen.storyboard; sourceTree = "<group>"; };
		880B390A1F5FD95D001ED095 /* Info.plist */ = {isa = PBXFileReference; lastKnownFileType = text.plist.xml; path = Info.plist; sourceTree = "<group>"; };
		880B39101F5FDB10001ED095 /* .gitignore */ = {isa = PBXFileReference; fileEncoding = 4; lastKnownFileType = text; path = .gitignore; sourceTree = "<group>"; };
		B4AE4FE77629299C6682733A /* libPods-ERSVGARefresh.a */ = {isa = PBXFileReference; explicitFileType = archive.ar; includeInIndex = 0; path = "libPods-ERSVGARefresh.a"; sourceTree = BUILT_PRODUCTS_DIR; };
		FEF98A702917D96E30DFAC5E /* Pods-ERSVGARefresh.debug.xcconfig */ = {isa = PBXFileReference; includeInIndex = 1; lastKnownFileType = text.xcconfig; name = "Pods-ERSVGARefresh.debug.xcconfig"; path = "Pods/Target Support Files/Pods-ERSVGARefresh/Pods-ERSVGARefresh.debug.xcconfig"; sourceTree = "<group>"; };
/* End PBXFileReference section */

/* Begin PBXFrameworksBuildPhase section */
		880B38F31F5FD95D001ED095 /* Frameworks */ = {
			isa = PBXFrameworksBuildPhase;
			buildActionMask = 2147483647;
			files = (
				256AE7978D0DBE6B6358A4E4 /* libPods-ERSVGARefresh.a in Frameworks */,
			);
			runOnlyForDeploymentPostprocessing = 0;
		};
/* End PBXFrameworksBuildPhase section */

/* Begin PBXGroup section */
		64EABBFB910D478DDEE17206 /* Pods */ = {
			isa = PBXGroup;
			children = (
				FEF98A702917D96E30DFAC5E /* Pods-ERSVGARefresh.debug.xcconfig */,
				284433B438A8BB10077495CE /* Pods-ERSVGARefresh.release.xcconfig */,
			);
			name = Pods;
			sourceTree = "<group>";
		};
		880B38ED1F5FD95D001ED095 = {
			isa = PBXGroup;
			children = (
				880B39101F5FDB10001ED095 /* .gitignore */,
				880B39981F5FE2EE001ED095 /* ERRSVGARefresh */,
				880B38F81F5FD95D001ED095 /* ERSVGARefresh */,
				880B38F71F5FD95D001ED095 /* Products */,
				64EABBFB910D478DDEE17206 /* Pods */,
				AC62DF6EC518F370F1F65697 /* Frameworks */,
			);
			sourceTree = "<group>";
		};
		880B38F71F5FD95D001ED095 /* Products */ = {
			isa = PBXGroup;
			children = (
				880B38F61F5FD95D001ED095 /* ERSVGARefresh.app */,
			);
			name = Products;
			sourceTree = "<group>";
		};
		880B38F81F5FD95D001ED095 /* ERSVGARefresh */ = {
			isa = PBXGroup;
			children = (
				880B38FC1F5FD95D001ED095 /* AppDelegate.h */,
				880B38FD1F5FD95D001ED095 /* AppDelegate.m */,
				880B38FF1F5FD95D001ED095 /* ViewController.h */,
				880B39001F5FD95D001ED095 /* ViewController.m */,
				880B39021F5FD95D001ED095 /* Main.storyboard */,
				880B38F91F5FD95D001ED095 /* Supporting Files */,
			);
			path = ERSVGARefresh;
			sourceTree = "<group>";
		};
		880B38F91F5FD95D001ED095 /* Supporting Files */ = {
			isa = PBXGroup;
			children = (
				880B39071F5FD95D001ED095 /* LaunchScreen.storyboard */,
				880B39051F5FD95D001ED095 /* Assets.xcassets */,
				880B390A1F5FD95D001ED095 /* Info.plist */,
				880B38FA1F5FD95D001ED095 /* main.m */,
			);
			name = "Supporting Files";
			sourceTree = "<group>";
		};
		880B39981F5FE2EE001ED095 /* ERRSVGARefresh */ = {
			isa = PBXGroup;
			children = (
			);
			path = ERRSVGARefresh;
			sourceTree = "<group>";
		};
		AC62DF6EC518F370F1F65697 /* Frameworks */ = {
			isa = PBXGroup;
			children = (
				B4AE4FE77629299C6682733A /* libPods-ERSVGARefresh.a */,
			);
			name = Frameworks;
			sourceTree = "<group>";
		};
/* End PBXGroup section */

/* Begin PBXNativeTarget section */
		880B38F51F5FD95D001ED095 /* ERSVGARefresh */ = {
			isa = PBXNativeTarget;
			buildConfigurationList = 880B390D1F5FD95D001ED095 /* Build configuration list for PBXNativeTarget "ERSVGARefresh" */;
			buildPhases = (
				17E0BCC238297CB086662073 /* [CP] Check Pods Manifest.lock */,
				880B38F21F5FD95D001ED095 /* Sources */,
				880B38F31F5FD95D001ED095 /* Frameworks */,
				880B38F41F5FD95D001ED095 /* Resources */,
				BB108C3987DF8411FE0CD434 /* [CP] Embed Pods Frameworks */,
				C51B5F16E73D08B10D1A8B76 /* [CP] Copy Pods Resources */,
			);
			buildRules = (
			);
			dependencies = (
			);
			name = ERSVGARefresh;
			productName = ERSVGARefresh;
			productReference = 880B38F61F5FD95D001ED095 /* ERSVGARefresh.app */;
			productType = "com.apple.product-type.application";
		};
/* End PBXNativeTarget section */

/* Begin PBXProject section */
		880B38EE1F5FD95D001ED095 /* Project object */ = {
			isa = PBXProject;
			attributes = {
				LastUpgradeCheck = 0830;
				ORGANIZATIONNAME = developZHAN;
				TargetAttributes = {
					880B38F51F5FD95D001ED095 = {
						CreatedOnToolsVersion = 8.3.3;
						DevelopmentTeam = 7GPHW87L24;
						ProvisioningStyle = Automatic;
					};
				};
			};
			buildConfigurationList = 880B38F11F5FD95D001ED095 /* Build configuration list for PBXProject "ERSVGARefresh" */;
			compatibilityVersion = "Xcode 3.2";
			developmentRegion = English;
			hasScannedForEncodings = 0;
			knownRegions = (
				en,
				Base,
			);
			mainGroup = 880B38ED1F5FD95D001ED095;
			productRefGroup = 880B38F71F5FD95D001ED095 /* Products */;
			projectDirPath = "";
			projectRoot = "";
			targets = (
				880B38F51F5FD95D001ED095 /* ERSVGARefresh */,
			);
		};
/* End PBXProject section */

/* Begin PBXResourcesBuildPhase section */
		880B38F41F5FD95D001ED095 /* Resources */ = {
			isa = PBXResourcesBuildPhase;
			buildActionMask = 2147483647;
			files = (
				880B39111F5FDB10001ED095 /* .gitignore in Resources */,
				880B39091F5FD95D001ED095 /* LaunchScreen.storyboard in Resources */,
				880B39061F5FD95D001ED095 /* Assets.xcassets in Resources */,
				880B39041F5FD95D001ED095 /* Main.storyboard in Resources */,
			);
			runOnlyForDeploymentPostprocessing = 0;
		};
/* End PBXResourcesBuildPhase section */

/* Begin PBXShellScriptBuildPhase section */
		17E0BCC238297CB086662073 /* [CP] Check Pods Manifest.lock */ = {
			isa = PBXShellScriptBuildPhase;
			buildActionMask = 2147483647;
			files = (
			);
			inputPaths = (
				"${PODS_PODFILE_DIR_PATH}/Podfile.lock",
				"${PODS_ROOT}/Manifest.lock",
			);
			name = "[CP] Check Pods Manifest.lock";
			outputPaths = (
				"$(DERIVED_FILE_DIR)/Pods-ERSVGARefresh-checkManifestLockResult.txt",
			);
			runOnlyForDeploymentPostprocessing = 0;
			shellPath = /bin/sh;
			shellScript = "diff \"${PODS_PODFILE_DIR_PATH}/Podfile.lock\" \"${PODS_ROOT}/Manifest.lock\" > /dev/null\nif [ $? != 0 ] ; then\n    # print error to STDERR\n    echo \"error: The sandbox is not in sync with the Podfile.lock. Run 'pod install' or update your CocoaPods installation.\" >&2\n    exit 1\nfi\n# This output is used by Xcode 'outputs' to avoid re-running this script phase.\necho \"SUCCESS\" > \"${SCRIPT_OUTPUT_FILE_0}\"\n";
			showEnvVarsInLog = 0;
		};
		BB108C3987DF8411FE0CD434 /* [CP] Embed Pods Frameworks */ = {
			isa = PBXShellScriptBuildPhase;
			buildActionMask = 2147483647;
			files = (
			);
			inputPaths = (
			);
			name = "[CP] Embed Pods Frameworks";
			outputPaths = (
			);
			runOnlyForDeploymentPostprocessing = 0;
			shellPath = /bin/sh;
			shellScript = "\"${SRCROOT}/Pods/Target Support Files/Pods-ERSVGARefresh/Pods-ERSVGARefresh-frameworks.sh\"\n";
			showEnvVarsInLog = 0;
		};
		C51B5F16E73D08B10D1A8B76 /* [CP] Copy Pods Resources */ = {
			isa = PBXShellScriptBuildPhase;
			buildActionMask = 2147483647;
			files = (
			);
			inputPaths = (
				"${SRCROOT}/Pods/Target Support Files/Pods-ERSVGARefresh/Pods-ERSVGARefresh-resources.sh",
				"${PODS_ROOT}/MJRefresh/MJRefresh/MJRefresh.bundle",
			);
			name = "[CP] Copy Pods Resources";
			outputPaths = (
				"${TARGET_BUILD_DIR}/${UNLOCALIZED_RESOURCES_FOLDER_PATH}",
			);
			runOnlyForDeploymentPostprocessing = 0;
			shellPath = /bin/sh;
			shellScript = "\"${SRCROOT}/Pods/Target Support Files/Pods-ERSVGARefresh/Pods-ERSVGARefresh-resources.sh\"\n";
			showEnvVarsInLog = 0;
		};
/* End PBXShellScriptBuildPhase section */

/* Begin PBXSourcesBuildPhase section */
		880B38F21F5FD95D001ED095 /* Sources */ = {
			isa = PBXSourcesBuildPhase;
			buildActionMask = 2147483647;
			files = (
				880B39011F5FD95D001ED095 /* ViewController.m in Sources */,
				880B38FE1F5FD95D001ED095 /* AppDelegate.m in Sources */,
				880B38FB1F5FD95D001ED095 /* main.m in Sources */,
			);
			runOnlyForDeploymentPostprocessing = 0;
		};
/* End PBXSourcesBuildPhase section */

/* Begin PBXVariantGroup section */
		880B39021F5FD95D001ED095 /* Main.storyboard */ = {
			isa = PBXVariantGroup;
			children = (
				880B39031F5FD95D001ED095 /* Base */,
			);
			name = Main.storyboard;
			sourceTree = "<group>";
		};
		880B39071F5FD95D001ED095 /* LaunchScreen.storyboard */ = {
			isa = PBXVariantGroup;
			children = (
				880B39081F5FD95D001ED095 /* Base */,
			);
			name = LaunchScreen.storyboard;
			sourceTree = "<group>";
		};
/* End PBXVariantGroup section */

/* Begin XCBuildConfiguration section */
		880B390B1F5FD95D001ED095 /* Debug */ = {
			isa = XCBuildConfiguration;
			buildSettings = {
				ALWAYS_SEARCH_USER_PATHS = NO;
				CLANG_ANALYZER_NONNULL = YES;
				CLANG_ANALYZER_NUMBER_OBJECT_CONVERSION = YES_AGGRESSIVE;
				CLANG_CXX_LANGUAGE_STANDARD = "gnu++0x";
				CLANG_CXX_LIBRARY = "libc++";
				CLANG_ENABLE_MODULES = YES;
				CLANG_ENABLE_OBJC_ARC = YES;
				CLANG_WARN_BOOL_CONVERSION = YES;
				CLANG_WARN_CONSTANT_CONVERSION = YES;
				CLANG_WARN_DIRECT_OBJC_ISA_USAGE = YES_ERROR;
				CLANG_WARN_DOCUMENTATION_COMMENTS = YES;
				CLANG_WARN_EMPTY_BODY = YES;
				CLANG_WARN_ENUM_CONVERSION = YES;
				CLANG_WARN_INFINITE_RECURSION = YES;
				CLANG_WARN_INT_CONVERSION = YES;
				CLANG_WARN_OBJC_ROOT_CLASS = YES_ERROR;
				CLANG_WARN_SUSPICIOUS_MOVE = YES;
				CLANG_WARN_UNREACHABLE_CODE = YES;
				CLANG_WARN__DUPLICATE_METHOD_MATCH = YES;
				"CODE_SIGN_IDENTITY[sdk=iphoneos*]" = "iPhone Developer";
				COPY_PHASE_STRIP = NO;
				DEBUG_INFORMATION_FORMAT = dwarf;
				ENABLE_STRICT_OBJC_MSGSEND = YES;
				ENABLE_TESTABILITY = YES;
				GCC_C_LANGUAGE_STANDARD = gnu99;
				GCC_DYNAMIC_NO_PIC = NO;
				GCC_NO_COMMON_BLOCKS = YES;
				GCC_OPTIMIZATION_LEVEL = 0;
				GCC_PREPROCESSOR_DEFINITIONS = (
					"DEBUG=1",
					"$(inherited)",
				);
				GCC_WARN_64_TO_32_BIT_CONVERSION = YES;
				GCC_WARN_ABOUT_RETURN_TYPE = YES_ERROR;
				GCC_WARN_UNDECLARED_SELECTOR = YES;
				GCC_WARN_UNINITIALIZED_AUTOS = YES_AGGRESSIVE;
				GCC_WARN_UNUSED_FUNCTION = YES;
				GCC_WARN_UNUSED_VARIABLE = YES;
				IPHONEOS_DEPLOYMENT_TARGET = 10.3;
				MTL_ENABLE_DEBUG_INFO = YES;
				ONLY_ACTIVE_ARCH = YES;
				SDKROOT = iphoneos;
			};
			name = Debug;
		};
		880B390C1F5FD95D001ED095 /* Release */ = {
			isa = XCBuildConfiguration;
			buildSettings = {
				ALWAYS_SEARCH_USER_PATHS = NO;
				CLANG_ANALYZER_NONNULL = YES;
				CLANG_ANALYZER_NUMBER_OBJECT_CONVERSION = YES_AGGRESSIVE;
				CLANG_CXX_LANGUAGE_STANDARD = "gnu++0x";
				CLANG_CXX_LIBRARY = "libc++";
				CLANG_ENABLE_MODULES = YES;
				CLANG_ENABLE_OBJC_ARC = YES;
				CLANG_WARN_BOOL_CONVERSION = YES;
				CLANG_WARN_CONSTANT_CONVERSION = YES;
				CLANG_WARN_DIRECT_OBJC_ISA_USAGE = YES_ERROR;
				CLANG_WARN_DOCUMENTATION_COMMENTS = YES;
				CLANG_WARN_EMPTY_BODY = YES;
				CLANG_WARN_ENUM_CONVERSION = YES;
				CLANG_WARN_INFINITE_RECURSION = YES;
				CLANG_WARN_INT_CONVERSION = YES;
				CLANG_WARN_OBJC_ROOT_CLASS = YES_ERROR;
				CLANG_WARN_SUSPICIOUS_MOVE = YES;
				CLANG_WARN_UNREACHABLE_CODE = YES;
				CLANG_WARN__DUPLICATE_METHOD_MATCH = YES;
				"CODE_SIGN_IDENTITY[sdk=iphoneos*]" = "iPhone Developer";
				COPY_PHASE_STRIP = NO;
				DEBUG_INFORMATION_FORMAT = "dwarf-with-dsym";
				ENABLE_NS_ASSERTIONS = NO;
				ENABLE_STRICT_OBJC_MSGSEND = YES;
				GCC_C_LANGUAGE_STANDARD = gnu99;
				GCC_NO_COMMON_BLOCKS = YES;
				GCC_WARN_64_TO_32_BIT_CONVERSION = YES;
				GCC_WARN_ABOUT_RETURN_TYPE = YES_ERROR;
				GCC_WARN_UNDECLARED_SELECTOR = YES;
				GCC_WARN_UNINITIALIZED_AUTOS = YES_AGGRESSIVE;
				GCC_WARN_UNUSED_FUNCTION = YES;
				GCC_WARN_UNUSED_VARIABLE = YES;
				IPHONEOS_DEPLOYMENT_TARGET = 10.3;
				MTL_ENABLE_DEBUG_INFO = NO;
				SDKROOT = iphoneos;
				VALIDATE_PRODUCT = YES;
			};
			name = Release;
		};
		880B390E1F5FD95D001ED095 /* Debug */ = {
			isa = XCBuildConfiguration;
			baseConfigurationReference = FEF98A702917D96E30DFAC5E /* Pods-ERSVGARefresh.debug.xcconfig */;
			buildSettings = {
				ASSETCATALOG_COMPILER_APPICON_NAME = AppIcon;
				DEVELOPMENT_TEAM = 7GPHW87L24;
				INFOPLIST_FILE = ERSVGARefresh/Info.plist;
				IPHONEOS_DEPLOYMENT_TARGET = 7.0;
				LD_RUNPATH_SEARCH_PATHS = "$(inherited) @executable_path/Frameworks";
				PRODUCT_BUNDLE_IDENTIFIER = top.errnull.ERSVGARefresh;
				PRODUCT_NAME = "$(TARGET_NAME)";
			};
			name = Debug;
		};
		880B390F1F5FD95D001ED095 /* Release */ = {
			isa = XCBuildConfiguration;
			baseConfigurationReference = 284433B438A8BB10077495CE /* Pods-ERSVGARefresh.release.xcconfig */;
			buildSettings = {
				ASSETCATALOG_COMPILER_APPICON_NAME = AppIcon;
				DEVELOPMENT_TEAM = 7GPHW87L24;
				INFOPLIST_FILE = ERSVGARefresh/Info.plist;
				IPHONEOS_DEPLOYMENT_TARGET = 7.0;
				LD_RUNPATH_SEARCH_PATHS = "$(inherited) @executable_path/Frameworks";
				PRODUCT_BUNDLE_IDENTIFIER = top.errnull.ERSVGARefresh;
				PRODUCT_NAME = "$(TARGET_NAME)";
			};
			name = Release;
		};
/* End XCBuildConfiguration section */

/* Begin XCConfigurationList section */
		880B38F11F5FD95D001ED095 /* Build configuration list for PBXProject "ERSVGARefresh" */ = {
			isa = XCConfigurationList;
			buildConfigurations = (
				880B390B1F5FD95D001ED095 /* Debug */,
				880B390C1F5FD95D001ED095 /* Release */,
			);
			defaultConfigurationIsVisible = 0;
			defaultConfigurationName = Release;
		};
		880B390D1F5FD95D001ED095 /* Build configuration list for PBXNativeTarget "ERSVGARefresh" */ = {
			isa = XCConfigurationList;
			buildConfigurations = (
				880B390E1F5FD95D001ED095 /* Debug */,
				880B390F1F5FD95D001ED095 /* Release */,
			);
			defaultConfigurationIsVisible = 0;
			defaultConfigurationName = Release;
		};
/* End XCConfigurationList section */
	};
	rootObject = 880B38EE1F5FD95D001ED095 /* Project object */;
}
